{
  "version": 4,
  "terraform_version": "1.4.2",
  "serial": 35,
  "lineage": "473ff4f6-35fc-789a-3db5-9c782bd9c7fd",
  "outputs": {
    "lambda_url_create": {
      "value": "https://pasvmapiapbjdvhleiyacf2cbe0cmmwb.lambda-url.ca-central-1.on.aws/",
      "type": "string"
    },
    "lambda_url_enroll": {
      "value": "https://ybmz7jafwqrialcmo54ueqyt5i0ptbuv.lambda-url.ca-central-1.on.aws/",
      "type": "string"
    },
    "lambda_url_get_class": {
      "value": "https://dzgx2ordzecsyxuiipbhr6lpvi0irdex.lambda-url.ca-central-1.on.aws/",
      "type": "string"
    },
    "lambda_url_get_events": {
      "value": "https://2sijwuyq2iekyrtmvujw6gt4he0eqwdn.lambda-url.ca-central-1.on.aws/",
      "type": "string"
    },
    "lambda_url_get_friends": {
      "value": "https://dfqkiu5sgnquzd677b4j2zhm5i0bpwwo.lambda-url.ca-central-1.on.aws/",
      "type": "string"
    },
    "lambda_url_manage_class_items": {
      "value": "https://tobxlcmv2ubix45n6cjgxmd3zy0vyfst.lambda-url.ca-central-1.on.aws/",
      "type": "string"
    },
    "lambda_url_manage_friends": {
      "value": "https://6scorqyghakulyfm22dfsg4qgq0zwdpc.lambda-url.ca-central-1.on.aws/",
      "type": "string"
    },
    "lambda_url_messaging": {
      "value": "https://4z5nrewzbzprqpapxm6pb7uxju0svtsw.lambda-url.ca-central-1.on.aws/",
      "type": "string"
    },
    "lambda_url_register": {
      "value": "https://chquvkfpzyxnm26mdljffqmidu0pvfac.lambda-url.ca-central-1.on.aws/",
      "type": "string"
    }
  },
  "resources": [
    {
      "mode": "data",
      "type": "archive_file",
      "name": "data_create_zip",
      "provider": "provider[\"registry.terraform.io/hashicorp/archive\"]",
      "instances": [
        {
          "schema_version": 0,
          "attributes": {
            "exclude_symlink_directories": null,
            "excludes": null,
            "id": "06ccc9e53234f506c74d10580d17e44b845c81b2",
            "output_base64sha256": "vzaqi8nsGsUhmC4/T2UF1JOpy4S2SG09vFyfx5sXdqE=",
            "output_base64sha512": "POmToDTn5L7vm+GjPibO3dlvmuPmkzyPqNSztr85p1yvNS97en9X3m6+bu1upJbsplyxvrgNDZMYupUzKUUQlg==",
            "output_file_mode": null,
            "output_md5": "716790e30564da7bfd725f471404a8ff",
            "output_path": "artifact_create.zip",
            "output_sha": "06ccc9e53234f506c74d10580d17e44b845c81b2",
            "output_sha256": "bf36aa8bc9ec1ac521982e3f4f6505d493a9cb84b6486d3dbc5c9fc79b1776a1",
            "output_sha512": "3ce993a034e7e4beef9be1a33e26ceddd96f9ae3e6933c8fa8d4b3b6bf39a75caf352f7b7a7f57de6ebe6eed6ea496eca65cb1beb80d0d9318ba953329451096",
            "output_size": 171,
            "source": [],
            "source_content": null,
            "source_content_filename": null,
            "source_dir": null,
            "source_file": "../functions/create/main.py",
            "type": "zip"
          },
          "sensitive_attributes": []
        }
      ]
    },
    {
      "mode": "data",
      "type": "archive_file",
      "name": "data_enroll_zip",
      "provider": "provider[\"registry.terraform.io/hashicorp/archive\"]",
      "instances": [
        {
          "schema_version": 0,
          "attributes": {
            "exclude_symlink_directories": null,
            "excludes": null,
            "id": "598f6fd36a9b34ab86d11c74fc55d14d69a8bfa7",
            "output_base64sha256": "bs579cCof7PQQ2BppKdf+rv/MMFtWzr9BpuSfhJ/5nY=",
            "output_base64sha512": "MDNGVqT/erTPMAgNteu41CPVUfPmplDkzG0xfwRmZ35wcbSQ5S58fTsrhlP1jd0NIOjl3B2gOdalp7ykrzLypQ==",
            "output_file_mode": null,
            "output_md5": "1e73a21de7eccfc97a3c100d34dabb70",
            "output_path": "artifact_class_enroll.zip",
            "output_sha": "598f6fd36a9b34ab86d11c74fc55d14d69a8bfa7",
            "output_sha256": "6ece7bf5c0a87fb3d0436069a4a75ffabbff30c16d5b3afd069b927e127fe676",
            "output_sha512": "30334656a4ff7ab4cf30080db5ebb8d423d551f3e6a650e4cc6d317f0466677e7071b490e52e7c7d3b2b8653f58ddd0d20e8e5dc1da039d6a5a7bca4af32f2a5",
            "output_size": 894,
            "source": [],
            "source_content": null,
            "source_content_filename": null,
            "source_dir": null,
            "source_file": "../functions/enroll/main.py",
            "type": "zip"
          },
          "sensitive_attributes": []
        }
      ]
    },
    {
      "mode": "data",
      "type": "archive_file",
      "name": "data_get_class_zip",
      "provider": "provider[\"registry.terraform.io/hashicorp/archive\"]",
      "instances": [
        {
          "schema_version": 0,
          "attributes": {
            "exclude_symlink_directories": null,
            "excludes": null,
            "id": "5906a81292595f599eb7d9ab2c58295593e721c3",
            "output_base64sha256": "l5x5pgNO3lTKYnc4Ts+lnfyI+GcXHEEGM7sdSceHfK8=",
            "output_base64sha512": "lwYePOAH1HMzzg+gK2u9HywqydS7BbWRQ4ZY+JDprjNplA8KYpdJe1Ok1NSEwtYTgAn1kuj8qRWUXVYt2A5fSw==",
            "output_file_mode": null,
            "output_md5": "f80a3191860104dd1c8c16cef377a1fd",
            "output_path": "artifact_get_class.zip",
            "output_sha": "5906a81292595f599eb7d9ab2c58295593e721c3",
            "output_sha256": "979c79a6034ede54ca6277384ecfa59dfc88f867171c410633bb1d49c7877caf",
            "output_sha512": "97061e3ce007d47333ce0fa02b6bbd1f2c2ac9d4bb05b591438658f890e9ae3369940f0a6297497b53a4d4d484c2d6138009f592e8fca915945d562dd80e5f4b",
            "output_size": 628,
            "source": [],
            "source_content": null,
            "source_content_filename": null,
            "source_dir": null,
            "source_file": "../functions/get_class/main.py",
            "type": "zip"
          },
          "sensitive_attributes": []
        }
      ]
    },
    {
      "mode": "data",
      "type": "archive_file",
      "name": "data_get_events_zip",
      "provider": "provider[\"registry.terraform.io/hashicorp/archive\"]",
      "instances": [
        {
          "schema_version": 0,
          "attributes": {
            "exclude_symlink_directories": null,
            "excludes": null,
            "id": "06ccc9e53234f506c74d10580d17e44b845c81b2",
            "output_base64sha256": "vzaqi8nsGsUhmC4/T2UF1JOpy4S2SG09vFyfx5sXdqE=",
            "output_base64sha512": "POmToDTn5L7vm+GjPibO3dlvmuPmkzyPqNSztr85p1yvNS97en9X3m6+bu1upJbsplyxvrgNDZMYupUzKUUQlg==",
            "output_file_mode": null,
            "output_md5": "716790e30564da7bfd725f471404a8ff",
            "output_path": "artifact_get_events.zip",
            "output_sha": "06ccc9e53234f506c74d10580d17e44b845c81b2",
            "output_sha256": "bf36aa8bc9ec1ac521982e3f4f6505d493a9cb84b6486d3dbc5c9fc79b1776a1",
            "output_sha512": "3ce993a034e7e4beef9be1a33e26ceddd96f9ae3e6933c8fa8d4b3b6bf39a75caf352f7b7a7f57de6ebe6eed6ea496eca65cb1beb80d0d9318ba953329451096",
            "output_size": 171,
            "source": [],
            "source_content": null,
            "source_content_filename": null,
            "source_dir": null,
            "source_file": "../functions/get_events/main.py",
            "type": "zip"
          },
          "sensitive_attributes": []
        }
      ]
    },
    {
      "mode": "data",
      "type": "archive_file",
      "name": "data_get_friends_zip",
      "provider": "provider[\"registry.terraform.io/hashicorp/archive\"]",
      "instances": [
        {
          "schema_version": 0,
          "attributes": {
            "exclude_symlink_directories": null,
            "excludes": null,
            "id": "4f10d5e8779a98d7075f3ee59fd5bbb1c721eb59",
            "output_base64sha256": "sOxQo2jqLjgw+bEL3x+gFJqY3g94kUNsWBMMv/xiFe8=",
            "output_base64sha512": "puVkxN+L/hmAzJmVWHgt30+jvqqBpY22yUGxUjAGX+punRTThKE4Y5wfqxaCX2yp4oI26+YSlsWpDW7CXqSRYw==",
            "output_file_mode": null,
            "output_md5": "c10a929197f8bd831cbf4831ac737cfc",
            "output_path": "artifact_get_friends.zip",
            "output_sha": "4f10d5e8779a98d7075f3ee59fd5bbb1c721eb59",
            "output_sha256": "b0ec50a368ea2e3830f9b10bdf1fa0149a98de0f7891436c58130cbffc6215ef",
            "output_sha512": "a6e564c4df8bfe1980cc999558782ddf4fa3beaa81a58db6c941b15230065fea6e9d14d384a138639c1fab16825f6ca9e28236ebe61296c5a90d6ec25ea49163",
            "output_size": 1138,
            "source": [],
            "source_content": null,
            "source_content_filename": null,
            "source_dir": null,
            "source_file": "../functions/get_friends/main.py",
            "type": "zip"
          },
          "sensitive_attributes": []
        }
      ]
    },
    {
      "mode": "data",
      "type": "archive_file",
      "name": "data_manage_class_items_zip",
      "provider": "provider[\"registry.terraform.io/hashicorp/archive\"]",
      "instances": [
        {
          "schema_version": 0,
          "attributes": {
            "exclude_symlink_directories": null,
            "excludes": null,
            "id": "fc75ca9f3bf825baba9966317a5daa69ab00e5e8",
            "output_base64sha256": "qRAUIJdmEY2coDeNK1DnupxwoT5fSEQ38ulUb9+crkg=",
            "output_base64sha512": "XbRTSABtxflJUnWruwILf5ZQcGGkSjg///lj39MULVU+7gdKfl5rTg42DOco8CnBwE2uHJSGldEByB1UicvKJg==",
            "output_file_mode": null,
            "output_md5": "a47a5ae1b53408b0a7321917a4061949",
            "output_path": "artifact_manage_class_items.zip",
            "output_sha": "fc75ca9f3bf825baba9966317a5daa69ab00e5e8",
            "output_sha256": "a91014209766118d9ca0378d2b50e7ba9c70a13e5f484437f2e9546fdf9cae48",
            "output_sha512": "5db45348006dc5f9495275abbb020b7f96507061a44a383ffff963dfd3142d553eee074a7e5e6b4e0e360ce728f029c1c04dae1c948695d101c81d5489cbca26",
            "output_size": 376,
            "source": [],
            "source_content": null,
            "source_content_filename": null,
            "source_dir": null,
            "source_file": "../functions/manage_class_Items/main.py",
            "type": "zip"
          },
          "sensitive_attributes": []
        }
      ]
    },
    {
      "mode": "data",
      "type": "archive_file",
      "name": "data_manage_friends_zip",
      "provider": "provider[\"registry.terraform.io/hashicorp/archive\"]",
      "instances": [
        {
          "schema_version": 0,
          "attributes": {
            "exclude_symlink_directories": null,
            "excludes": null,
            "id": "3bbbee2915874b0a3493ea7f72c0a06648c72aba",
            "output_base64sha256": "LtHwypccR1LWrqosMPhE98k1qOqBGfobnl1haT9tCmY=",
            "output_base64sha512": "XwsUxp4c38MtRZ8uaBoyp9fvrUkwmCa5Cg60whAVFiXRdjqrJkVPf3aYAnb2AztzbN4AewTt1bX8kZTPRfL9zA==",
            "output_file_mode": null,
            "output_md5": "27b60cb4c2d4459e14a683aa5ba203db",
            "output_path": "artifact_manage_friends.zip",
            "output_sha": "3bbbee2915874b0a3493ea7f72c0a06648c72aba",
            "output_sha256": "2ed1f0ca971c4752d6aeaa2c30f844f7c935a8ea8119fa1b9e5d61693f6d0a66",
            "output_sha512": "5f0b14c69e1cdfc32d459f2e681a32a7d7efad49309826b90a0eb4c210151625d1763aab26454f7f76980276f6033b736cde007b04edd5b5fc9194cf45f2fdcc",
            "output_size": 971,
            "source": [],
            "source_content": null,
            "source_content_filename": null,
            "source_dir": null,
            "source_file": "../functions/manage_friends/main.py",
            "type": "zip"
          },
          "sensitive_attributes": []
        }
      ]
    },
    {
      "mode": "data",
      "type": "archive_file",
      "name": "data_messaging_zip",
      "provider": "provider[\"registry.terraform.io/hashicorp/archive\"]",
      "instances": [
        {
          "schema_version": 0,
          "attributes": {
            "exclude_symlink_directories": null,
            "excludes": null,
            "id": "06ccc9e53234f506c74d10580d17e44b845c81b2",
            "output_base64sha256": "vzaqi8nsGsUhmC4/T2UF1JOpy4S2SG09vFyfx5sXdqE=",
            "output_base64sha512": "POmToDTn5L7vm+GjPibO3dlvmuPmkzyPqNSztr85p1yvNS97en9X3m6+bu1upJbsplyxvrgNDZMYupUzKUUQlg==",
            "output_file_mode": null,
            "output_md5": "716790e30564da7bfd725f471404a8ff",
            "output_path": "artifact_messaging.zip",
            "output_sha": "06ccc9e53234f506c74d10580d17e44b845c81b2",
            "output_sha256": "bf36aa8bc9ec1ac521982e3f4f6505d493a9cb84b6486d3dbc5c9fc79b1776a1",
            "output_sha512": "3ce993a034e7e4beef9be1a33e26ceddd96f9ae3e6933c8fa8d4b3b6bf39a75caf352f7b7a7f57de6ebe6eed6ea496eca65cb1beb80d0d9318ba953329451096",
            "output_size": 171,
            "source": [],
            "source_content": null,
            "source_content_filename": null,
            "source_dir": null,
            "source_file": "../functions/messaging/main.py",
            "type": "zip"
          },
          "sensitive_attributes": []
        }
      ]
    },
    {
      "mode": "data",
      "type": "archive_file",
      "name": "data_register_zip",
      "provider": "provider[\"registry.terraform.io/hashicorp/archive\"]",
      "instances": [
        {
          "schema_version": 0,
          "attributes": {
            "exclude_symlink_directories": null,
            "excludes": null,
            "id": "434ff11ca84af77146a1af9d9a2a667dbe293d98",
            "output_base64sha256": "Vxe3C0DLLPnZEyNYe0vJNt6BF9xHByipmqE4tIJRAj4=",
            "output_base64sha512": "k8VbuCKSJ8dkNWy47NDQoJo94Y49wY8bIE4CTgtmiocwJBVg9y+BFKHtARZQtjcesDF0Ku9N+lmSeoqtPeS5VQ==",
            "output_file_mode": null,
            "output_md5": "a4c00b37f60e1f5ae93252a7d538fb6f",
            "output_path": "artifact_register.zip",
            "output_sha": "434ff11ca84af77146a1af9d9a2a667dbe293d98",
            "output_sha256": "5717b70b40cb2cf9d91323587b4bc936de8117dc470728a99aa138b48251023e",
            "output_sha512": "93c55bb8229227c764356cb8ecd0d0a09a3de18e3dc18f1b204e024e0b668a8730241560f72f8114a1ed011650b6371eb031742aef4dfa59927a8aad3de4b955",
            "output_size": 647,
            "source": [],
            "source_content": null,
            "source_content_filename": null,
            "source_dir": null,
            "source_file": "../functions/register/main.py",
            "type": "zip"
          },
          "sensitive_attributes": []
        }
      ]
    },
    {
      "mode": "managed",
      "type": "aws_dynamodb_table",
      "name": "communicate",
      "provider": "provider[\"registry.terraform.io/hashicorp/aws\"]",
      "instances": [
        {
          "schema_version": 1,
          "attributes": {
            "arn": "arn:aws:dynamodb:ca-central-1:514267642518:table/communicate",
            "attribute": [
              {
                "name": "classes",
                "type": "S"
              },
              {
                "name": "friends",
                "type": "S"
              },
              {
                "name": "major",
                "type": "S"
              },
              {
                "name": "name",
                "type": "S"
              },
              {
                "name": "profilePic",
                "type": "S"
              },
              {
                "name": "userID",
                "type": "S"
              },
              {
                "name": "year",
                "type": "N"
              }
            ],
            "billing_mode": "PROVISIONED",
            "deletion_protection_enabled": false,
            "global_secondary_index": [],
            "hash_key": "userID",
            "id": "communicate",
            "import_table": [],
            "local_secondary_index": [
              {
                "name": "classes_index",
                "non_key_attributes": [],
                "projection_type": "ALL",
                "range_key": "classes"
              },
              {
                "name": "friends_index",
                "non_key_attributes": [],
                "projection_type": "ALL",
                "range_key": "friends"
              },
              {
                "name": "major_index",
                "non_key_attributes": [],
                "projection_type": "ALL",
                "range_key": "major"
              },
              {
                "name": "profilePic_index",
                "non_key_attributes": [],
                "projection_type": "ALL",
                "range_key": "profilePic"
              },
              {
                "name": "year_index",
                "non_key_attributes": [],
                "projection_type": "ALL",
                "range_key": "year"
              }
            ],
            "name": "communicate",
            "point_in_time_recovery": [
              {
                "enabled": false
              }
            ],
            "range_key": "name",
            "read_capacity": 1,
            "replica": [],
            "restore_date_time": null,
            "restore_source_name": null,
            "restore_to_latest_time": null,
            "server_side_encryption": [],
            "stream_arn": "",
            "stream_enabled": false,
            "stream_label": "",
            "stream_view_type": "",
            "table_class": "STANDARD",
            "tags": {},
            "tags_all": {},
            "timeouts": null,
            "ttl": [
              {
                "attribute_name": "",
                "enabled": false
              }
            ],
            "write_capacity": 1
          },
          "sensitive_attributes": [],
          "private": "eyJlMmJmYjczMC1lY2FhLTExZTYtOGY4OC0zNDM2M2JjN2M0YzAiOnsiY3JlYXRlIjoxODAwMDAwMDAwMDAwLCJkZWxldGUiOjYwMDAwMDAwMDAwMCwidXBkYXRlIjozNjAwMDAwMDAwMDAwfSwic2NoZW1hX3ZlcnNpb24iOiIxIn0="
        }
      ]
    },
    {
      "mode": "managed",
      "type": "aws_dynamodb_table",
      "name": "communicate-class",
      "provider": "provider[\"registry.terraform.io/hashicorp/aws\"]",
      "instances": [
        {
          "schema_version": 1,
          "attributes": {
            "arn": "arn:aws:dynamodb:ca-central-1:514267642518:table/communicate-class",
            "attribute": [
              {
                "name": "userID",
                "type": "S"
              }
            ],
            "billing_mode": "PROVISIONED",
            "deletion_protection_enabled": false,
            "global_secondary_index": [],
            "hash_key": "userID",
            "id": "communicate-class",
            "import_table": [],
            "local_secondary_index": [],
            "name": "communicate-class",
            "point_in_time_recovery": [
              {
                "enabled": false
              }
            ],
            "range_key": null,
            "read_capacity": 1,
            "replica": [],
            "restore_date_time": null,
            "restore_source_name": null,
            "restore_to_latest_time": null,
            "server_side_encryption": [],
            "stream_arn": "",
            "stream_enabled": false,
            "stream_label": "",
            "stream_view_type": "",
            "table_class": "STANDARD",
            "tags": null,
            "tags_all": {},
            "timeouts": null,
            "ttl": [
              {
                "attribute_name": "",
                "enabled": false
              }
            ],
            "write_capacity": 1
          },
          "sensitive_attributes": [],
          "private": "eyJlMmJmYjczMC1lY2FhLTExZTYtOGY4OC0zNDM2M2JjN2M0YzAiOnsiY3JlYXRlIjoxODAwMDAwMDAwMDAwLCJkZWxldGUiOjYwMDAwMDAwMDAwMCwidXBkYXRlIjozNjAwMDAwMDAwMDAwfSwic2NoZW1hX3ZlcnNpb24iOiIxIn0="
        }
      ]
    },
    {
      "mode": "managed",
      "type": "aws_iam_policy",
      "name": "logs",
      "provider": "provider[\"registry.terraform.io/hashicorp/aws\"]",
      "instances": [
        {
          "schema_version": 0,
          "attributes": {
            "arn": "arn:aws:iam::514267642518:policy/lambda_logs",
            "description": "IAM policy for logging from a lambda",
            "id": "arn:aws:iam::514267642518:policy/lambda_logs",
            "name": "lambda_logs",
            "name_prefix": "",
            "path": "/",
            "policy": "{\"Statement\":[{\"Action\":[\"logs:CreateLogGroup\",\"logs:CreateLogStream\",\"logs:PutLogEvents\",\"dynamodb:PutItem\",\"dynamodb:DeleteItem\",\"dynamodb:GetItem\",\"dynamodb:Query\"],\"Effect\":\"Allow\",\"Resource\":[\"arn:aws:dynamodb:::table/\",\"arn:aws:logs:::\",\"arn:aws:dynamodb:ca-central-1:409601214226:table/communicate\",\"arn:aws:dynamodb:ca-central-1:409601214226:table/communicate-class\"]}],\"Version\":\"2012-10-17\"}",
            "policy_id": "ANPAXPPF5PKLE35DHBPFI",
            "tags": {},
            "tags_all": {}
          },
          "sensitive_attributes": [],
          "private": "bnVsbA=="
        }
      ]
    },
    {
      "mode": "managed",
      "type": "aws_iam_role",
      "name": "lambda_exec",
      "provider": "provider[\"registry.terraform.io/hashicorp/aws\"]",
      "instances": [
        {
          "schema_version": 0,
          "attributes": {
            "arn": "arn:aws:iam::514267642518:role/iam-communicate",
            "assume_role_policy": "{\"Statement\":[{\"Action\":\"sts:AssumeRole\",\"Effect\":\"Allow\",\"Principal\":{\"Service\":\"lambda.amazonaws.com\"},\"Sid\":\"\"}],\"Version\":\"2012-10-17\"}",
            "create_date": "2024-03-20T22:31:24Z",
            "description": "",
            "force_detach_policies": false,
            "id": "iam-communicate",
            "inline_policy": [],
            "managed_policy_arns": [
              "arn:aws:iam::aws:policy/AmazonDynamoDBFullAccess",
              "arn:aws:iam::aws:policy/AmazonSSMFullAccess",
              "arn:aws:iam::aws:policy/service-role/AWSLambdaBasicExecutionRole"
            ],
            "max_session_duration": 3600,
            "name": "iam-communicate",
            "name_prefix": "",
            "path": "/",
            "permissions_boundary": "",
            "tags": {},
            "tags_all": {},
            "unique_id": "AROAXPPF5PKLNOFCIIJZG"
          },
          "sensitive_attributes": [],
          "private": "bnVsbA=="
        }
      ]
    },
    {
      "mode": "managed",
      "type": "aws_iam_role_policy_attachment",
      "name": "lambda_SSM",
      "provider": "provider[\"registry.terraform.io/hashicorp/aws\"]",
      "instances": [
        {
          "schema_version": 0,
          "attributes": {
            "id": "iam-communicate-20240320223124969800000002",
            "policy_arn": "arn:aws:iam::aws:policy/AmazonSSMFullAccess",
            "role": "iam-communicate"
          },
          "sensitive_attributes": [],
          "private": "bnVsbA==",
          "dependencies": [
            "aws_iam_role.lambda_exec"
          ]
        }
      ]
    },
    {
      "mode": "managed",
      "type": "aws_iam_role_policy_attachment",
      "name": "lambda_dynamodb",
      "provider": "provider[\"registry.terraform.io/hashicorp/aws\"]",
      "instances": [
        {
          "schema_version": 0,
          "attributes": {
            "id": "iam-communicate-20240320223124948600000001",
            "policy_arn": "arn:aws:iam::aws:policy/AmazonDynamoDBFullAccess",
            "role": "iam-communicate"
          },
          "sensitive_attributes": [],
          "private": "bnVsbA==",
          "dependencies": [
            "aws_iam_role.lambda_exec"
          ]
        }
      ]
    },
    {
      "mode": "managed",
      "type": "aws_iam_role_policy_attachment",
      "name": "lambda_exec_policy",
      "provider": "provider[\"registry.terraform.io/hashicorp/aws\"]",
      "instances": [
        {
          "schema_version": 0,
          "attributes": {
            "id": "iam-communicate-20240320223125067700000003",
            "policy_arn": "arn:aws:iam::aws:policy/service-role/AWSLambdaBasicExecutionRole",
            "role": "iam-communicate"
          },
          "sensitive_attributes": [],
          "private": "bnVsbA==",
          "dependencies": [
            "aws_iam_role.lambda_exec"
          ]
        }
      ]
    },
    {
      "mode": "managed",
      "type": "aws_lambda_function",
      "name": "lambda-create",
      "provider": "provider[\"registry.terraform.io/hashicorp/aws\"]",
      "instances": [
        {
          "schema_version": 0,
          "attributes": {
            "architectures": [
              "x86_64"
            ],
            "arn": "arn:aws:lambda:ca-central-1:514267642518:function:create_event",
            "code_signing_config_arn": "",
            "dead_letter_config": [],
            "description": "",
            "environment": [],
            "ephemeral_storage": [
              {
                "size": 512
              }
            ],
            "file_system_config": [],
            "filename": "artifact_create.zip",
            "function_name": "create_event",
            "handler": "main.handler",
            "id": "create_event",
            "image_config": [],
            "image_uri": "",
            "invoke_arn": "arn:aws:apigateway:ca-central-1:lambda:path/2015-03-31/functions/arn:aws:lambda:ca-central-1:514267642518:function:create_event/invocations",
            "kms_key_arn": "",
            "last_modified": "2024-03-20T22:31:51.788+0000",
            "layers": [],
            "logging_config": [
              {
                "application_log_level": "",
                "log_format": "Text",
                "log_group": "/aws/lambda/create_event",
                "system_log_level": ""
              }
            ],
            "memory_size": 128,
            "package_type": "Zip",
            "publish": false,
            "qualified_arn": "arn:aws:lambda:ca-central-1:514267642518:function:create_event:$LATEST",
            "qualified_invoke_arn": "arn:aws:apigateway:ca-central-1:lambda:path/2015-03-31/functions/arn:aws:lambda:ca-central-1:514267642518:function:create_event:$LATEST/invocations",
            "replace_security_groups_on_destroy": null,
            "replacement_security_group_ids": null,
            "reserved_concurrent_executions": -1,
            "role": "arn:aws:iam::514267642518:role/iam-communicate",
            "runtime": "python3.9",
            "s3_bucket": null,
            "s3_key": null,
            "s3_object_version": null,
            "signing_job_arn": "",
            "signing_profile_version_arn": "",
            "skip_destroy": false,
            "snap_start": [],
            "source_code_hash": "vzaqi8nsGsUhmC4/T2UF1JOpy4S2SG09vFyfx5sXdqE=",
            "source_code_size": 171,
            "tags": {},
            "tags_all": {},
            "timeout": 3,
            "timeouts": null,
            "tracing_config": [
              {
                "mode": "PassThrough"
              }
            ],
            "version": "$LATEST",
            "vpc_config": []
          },
          "sensitive_attributes": [],
          "private": "eyJlMmJmYjczMC1lY2FhLTExZTYtOGY4OC0zNDM2M2JjN2M0YzAiOnsiY3JlYXRlIjo2MDAwMDAwMDAwMDAsImRlbGV0ZSI6NjAwMDAwMDAwMDAwLCJ1cGRhdGUiOjYwMDAwMDAwMDAwMH19",
          "dependencies": [
            "aws_iam_role.lambda_exec",
            "data.archive_file.data_create_zip"
          ]
        }
      ]
    },
    {
      "mode": "managed",
      "type": "aws_lambda_function",
      "name": "lambda-enroll",
      "provider": "provider[\"registry.terraform.io/hashicorp/aws\"]",
      "instances": [
        {
          "schema_version": 0,
          "attributes": {
            "architectures": [
              "x86_64"
            ],
            "arn": "arn:aws:lambda:ca-central-1:514267642518:function:class-enroll",
            "code_signing_config_arn": "",
            "dead_letter_config": [],
            "description": "",
            "environment": [],
            "ephemeral_storage": [
              {
                "size": 512
              }
            ],
            "file_system_config": [],
            "filename": "artifact_class_enroll.zip",
            "function_name": "class-enroll",
            "handler": "main.handler",
            "id": "class-enroll",
            "image_config": [],
            "image_uri": "",
            "invoke_arn": "arn:aws:apigateway:ca-central-1:lambda:path/2015-03-31/functions/arn:aws:lambda:ca-central-1:514267642518:function:class-enroll/invocations",
            "kms_key_arn": "",
            "last_modified": "2024-03-22T00:14:28.000+0000",
            "layers": [],
            "logging_config": [
              {
                "application_log_level": "",
                "log_format": "Text",
                "log_group": "/aws/lambda/class-enroll",
                "system_log_level": ""
              }
            ],
            "memory_size": 128,
            "package_type": "Zip",
            "publish": false,
            "qualified_arn": "arn:aws:lambda:ca-central-1:514267642518:function:class-enroll:$LATEST",
            "qualified_invoke_arn": "arn:aws:apigateway:ca-central-1:lambda:path/2015-03-31/functions/arn:aws:lambda:ca-central-1:514267642518:function:class-enroll:$LATEST/invocations",
            "replace_security_groups_on_destroy": null,
            "replacement_security_group_ids": null,
            "reserved_concurrent_executions": -1,
            "role": "arn:aws:iam::514267642518:role/iam-communicate",
            "runtime": "python3.9",
            "s3_bucket": null,
            "s3_key": null,
            "s3_object_version": null,
            "signing_job_arn": "",
            "signing_profile_version_arn": "",
            "skip_destroy": false,
            "snap_start": [],
            "source_code_hash": "bs579cCof7PQQ2BppKdf+rv/MMFtWzr9BpuSfhJ/5nY=",
            "source_code_size": 894,
            "tags": {},
            "tags_all": {},
            "timeout": 3,
            "timeouts": null,
            "tracing_config": [
              {
                "mode": "PassThrough"
              }
            ],
            "version": "$LATEST",
            "vpc_config": []
          },
          "sensitive_attributes": [],
          "private": "eyJlMmJmYjczMC1lY2FhLTExZTYtOGY4OC0zNDM2M2JjN2M0YzAiOnsiY3JlYXRlIjo2MDAwMDAwMDAwMDAsImRlbGV0ZSI6NjAwMDAwMDAwMDAwLCJ1cGRhdGUiOjYwMDAwMDAwMDAwMH19",
          "dependencies": [
            "aws_iam_role.lambda_exec",
            "data.archive_file.data_enroll_zip"
          ]
        }
      ]
    },
    {
      "mode": "managed",
      "type": "aws_lambda_function",
      "name": "lambda-get-class",
      "provider": "provider[\"registry.terraform.io/hashicorp/aws\"]",
      "instances": [
        {
          "schema_version": 0,
          "attributes": {
            "architectures": [
              "x86_64"
            ],
            "arn": "arn:aws:lambda:ca-central-1:514267642518:function:read-class-info",
            "code_signing_config_arn": "",
            "dead_letter_config": [],
            "description": "",
            "environment": [],
            "ephemeral_storage": [
              {
                "size": 512
              }
            ],
            "file_system_config": [],
            "filename": "artifact_get_class.zip",
            "function_name": "read-class-info",
            "handler": "main.handler",
            "id": "read-class-info",
            "image_config": [],
            "image_uri": "",
            "invoke_arn": "arn:aws:apigateway:ca-central-1:lambda:path/2015-03-31/functions/arn:aws:lambda:ca-central-1:514267642518:function:read-class-info/invocations",
            "kms_key_arn": "",
            "last_modified": "2024-03-22T00:14:33.000+0000",
            "layers": [],
            "logging_config": [
              {
                "application_log_level": "",
                "log_format": "Text",
                "log_group": "/aws/lambda/read-class-info",
                "system_log_level": ""
              }
            ],
            "memory_size": 128,
            "package_type": "Zip",
            "publish": false,
            "qualified_arn": "arn:aws:lambda:ca-central-1:514267642518:function:read-class-info:$LATEST",
            "qualified_invoke_arn": "arn:aws:apigateway:ca-central-1:lambda:path/2015-03-31/functions/arn:aws:lambda:ca-central-1:514267642518:function:read-class-info:$LATEST/invocations",
            "replace_security_groups_on_destroy": null,
            "replacement_security_group_ids": null,
            "reserved_concurrent_executions": -1,
            "role": "arn:aws:iam::514267642518:role/iam-communicate",
            "runtime": "python3.9",
            "s3_bucket": null,
            "s3_key": null,
            "s3_object_version": null,
            "signing_job_arn": "",
            "signing_profile_version_arn": "",
            "skip_destroy": false,
            "snap_start": [],
            "source_code_hash": "l5x5pgNO3lTKYnc4Ts+lnfyI+GcXHEEGM7sdSceHfK8=",
            "source_code_size": 628,
            "tags": {},
            "tags_all": {},
            "timeout": 3,
            "timeouts": null,
            "tracing_config": [
              {
                "mode": "PassThrough"
              }
            ],
            "version": "$LATEST",
            "vpc_config": []
          },
          "sensitive_attributes": [],
          "private": "eyJlMmJmYjczMC1lY2FhLTExZTYtOGY4OC0zNDM2M2JjN2M0YzAiOnsiY3JlYXRlIjo2MDAwMDAwMDAwMDAsImRlbGV0ZSI6NjAwMDAwMDAwMDAwLCJ1cGRhdGUiOjYwMDAwMDAwMDAwMH19",
          "dependencies": [
            "aws_iam_role.lambda_exec",
            "data.archive_file.data_get_class_zip"
          ]
        }
      ]
    },
    {
      "mode": "managed",
      "type": "aws_lambda_function",
      "name": "lambda-get-events",
      "provider": "provider[\"registry.terraform.io/hashicorp/aws\"]",
      "instances": [
        {
          "schema_version": 0,
          "attributes": {
            "architectures": [
              "x86_64"
            ],
            "arn": "arn:aws:lambda:ca-central-1:514267642518:function:get-events",
            "code_signing_config_arn": "",
            "dead_letter_config": [],
            "description": "",
            "environment": [],
            "ephemeral_storage": [
              {
                "size": 512
              }
            ],
            "file_system_config": [],
            "filename": "artifact_get_events.zip",
            "function_name": "get-events",
            "handler": "main.handler",
            "id": "get-events",
            "image_config": [],
            "image_uri": "",
            "invoke_arn": "arn:aws:apigateway:ca-central-1:lambda:path/2015-03-31/functions/arn:aws:lambda:ca-central-1:514267642518:function:get-events/invocations",
            "kms_key_arn": "",
            "last_modified": "2024-03-20T22:31:39.946+0000",
            "layers": [],
            "logging_config": [
              {
                "application_log_level": "",
                "log_format": "Text",
                "log_group": "/aws/lambda/get-events",
                "system_log_level": ""
              }
            ],
            "memory_size": 128,
            "package_type": "Zip",
            "publish": false,
            "qualified_arn": "arn:aws:lambda:ca-central-1:514267642518:function:get-events:$LATEST",
            "qualified_invoke_arn": "arn:aws:apigateway:ca-central-1:lambda:path/2015-03-31/functions/arn:aws:lambda:ca-central-1:514267642518:function:get-events:$LATEST/invocations",
            "replace_security_groups_on_destroy": null,
            "replacement_security_group_ids": null,
            "reserved_concurrent_executions": -1,
            "role": "arn:aws:iam::514267642518:role/iam-communicate",
            "runtime": "python3.9",
            "s3_bucket": null,
            "s3_key": null,
            "s3_object_version": null,
            "signing_job_arn": "",
            "signing_profile_version_arn": "",
            "skip_destroy": false,
            "snap_start": [],
            "source_code_hash": "vzaqi8nsGsUhmC4/T2UF1JOpy4S2SG09vFyfx5sXdqE=",
            "source_code_size": 171,
            "tags": {},
            "tags_all": {},
            "timeout": 3,
            "timeouts": null,
            "tracing_config": [
              {
                "mode": "PassThrough"
              }
            ],
            "version": "$LATEST",
            "vpc_config": []
          },
          "sensitive_attributes": [],
          "private": "eyJlMmJmYjczMC1lY2FhLTExZTYtOGY4OC0zNDM2M2JjN2M0YzAiOnsiY3JlYXRlIjo2MDAwMDAwMDAwMDAsImRlbGV0ZSI6NjAwMDAwMDAwMDAwLCJ1cGRhdGUiOjYwMDAwMDAwMDAwMH19",
          "dependencies": [
            "aws_iam_role.lambda_exec",
            "data.archive_file.data_get_events_zip"
          ]
        }
      ]
    },
    {
      "mode": "managed",
      "type": "aws_lambda_function",
      "name": "lambda-get-friends",
      "provider": "provider[\"registry.terraform.io/hashicorp/aws\"]",
      "instances": [
        {
          "schema_version": 0,
          "attributes": {
            "architectures": [
              "x86_64"
            ],
            "arn": "arn:aws:lambda:ca-central-1:514267642518:function:get-friends",
            "code_signing_config_arn": "",
            "dead_letter_config": [],
            "description": "",
            "environment": [],
            "ephemeral_storage": [
              {
                "size": 512
              }
            ],
            "file_system_config": [],
            "filename": "artifact_get_friends.zip",
            "function_name": "get-friends",
            "handler": "main.handler",
            "id": "get-friends",
            "image_config": [],
            "image_uri": "",
            "invoke_arn": "arn:aws:apigateway:ca-central-1:lambda:path/2015-03-31/functions/arn:aws:lambda:ca-central-1:514267642518:function:get-friends/invocations",
            "kms_key_arn": "",
            "last_modified": "2024-03-22T00:14:39.000+0000",
            "layers": [],
            "logging_config": [
              {
                "application_log_level": "",
                "log_format": "Text",
                "log_group": "/aws/lambda/get-friends",
                "system_log_level": ""
              }
            ],
            "memory_size": 128,
            "package_type": "Zip",
            "publish": false,
            "qualified_arn": "arn:aws:lambda:ca-central-1:514267642518:function:get-friends:$LATEST",
            "qualified_invoke_arn": "arn:aws:apigateway:ca-central-1:lambda:path/2015-03-31/functions/arn:aws:lambda:ca-central-1:514267642518:function:get-friends:$LATEST/invocations",
            "replace_security_groups_on_destroy": null,
            "replacement_security_group_ids": null,
            "reserved_concurrent_executions": -1,
            "role": "arn:aws:iam::514267642518:role/iam-communicate",
            "runtime": "python3.9",
            "s3_bucket": null,
            "s3_key": null,
            "s3_object_version": null,
            "signing_job_arn": "",
            "signing_profile_version_arn": "",
            "skip_destroy": false,
            "snap_start": [],
            "source_code_hash": "sOxQo2jqLjgw+bEL3x+gFJqY3g94kUNsWBMMv/xiFe8=",
            "source_code_size": 1138,
            "tags": {},
            "tags_all": {},
            "timeout": 3,
            "timeouts": null,
            "tracing_config": [
              {
                "mode": "PassThrough"
              }
            ],
            "version": "$LATEST",
            "vpc_config": []
          },
          "sensitive_attributes": [],
          "private": "eyJlMmJmYjczMC1lY2FhLTExZTYtOGY4OC0zNDM2M2JjN2M0YzAiOnsiY3JlYXRlIjo2MDAwMDAwMDAwMDAsImRlbGV0ZSI6NjAwMDAwMDAwMDAwLCJ1cGRhdGUiOjYwMDAwMDAwMDAwMH19",
          "dependencies": [
            "aws_iam_role.lambda_exec",
            "data.archive_file.data_get_friends_zip"
          ]
        }
      ]
    },
    {
      "mode": "managed",
      "type": "aws_lambda_function",
      "name": "lambda-manage-class-items",
      "provider": "provider[\"registry.terraform.io/hashicorp/aws\"]",
      "instances": [
        {
          "schema_version": 0,
          "attributes": {
            "architectures": [
              "x86_64"
            ],
            "arn": "arn:aws:lambda:ca-central-1:514267642518:function:manage-class-items",
            "code_signing_config_arn": "",
            "dead_letter_config": [],
            "description": "",
            "environment": [],
            "ephemeral_storage": [
              {
                "size": 512
              }
            ],
            "file_system_config": [],
            "filename": "artifact_manage_class_items.zip",
            "function_name": "manage-class-items",
            "handler": "main.handler",
            "id": "manage-class-items",
            "image_config": [],
            "image_uri": "",
            "invoke_arn": "arn:aws:apigateway:ca-central-1:lambda:path/2015-03-31/functions/arn:aws:lambda:ca-central-1:514267642518:function:manage-class-items/invocations",
            "kms_key_arn": "",
            "last_modified": "2024-03-22T00:14:28.424+0000",
            "layers": [],
            "logging_config": [
              {
                "application_log_level": "",
                "log_format": "Text",
                "log_group": "/aws/lambda/manage-class-items",
                "system_log_level": ""
              }
            ],
            "memory_size": 128,
            "package_type": "Zip",
            "publish": false,
            "qualified_arn": "arn:aws:lambda:ca-central-1:514267642518:function:manage-class-items:$LATEST",
            "qualified_invoke_arn": "arn:aws:apigateway:ca-central-1:lambda:path/2015-03-31/functions/arn:aws:lambda:ca-central-1:514267642518:function:manage-class-items:$LATEST/invocations",
            "replace_security_groups_on_destroy": null,
            "replacement_security_group_ids": null,
            "reserved_concurrent_executions": -1,
            "role": "arn:aws:iam::514267642518:role/iam-communicate",
            "runtime": "python3.9",
            "s3_bucket": null,
            "s3_key": null,
            "s3_object_version": null,
            "signing_job_arn": "",
            "signing_profile_version_arn": "",
            "skip_destroy": false,
            "snap_start": [],
            "source_code_hash": "qRAUIJdmEY2coDeNK1DnupxwoT5fSEQ38ulUb9+crkg=",
            "source_code_size": 376,
            "tags": {},
            "tags_all": {},
            "timeout": 3,
            "timeouts": null,
            "tracing_config": [
              {
                "mode": "PassThrough"
              }
            ],
            "version": "$LATEST",
            "vpc_config": []
          },
          "sensitive_attributes": [],
          "private": "eyJlMmJmYjczMC1lY2FhLTExZTYtOGY4OC0zNDM2M2JjN2M0YzAiOnsiY3JlYXRlIjo2MDAwMDAwMDAwMDAsImRlbGV0ZSI6NjAwMDAwMDAwMDAwLCJ1cGRhdGUiOjYwMDAwMDAwMDAwMH19",
          "dependencies": [
            "aws_iam_role.lambda_exec",
            "data.archive_file.data_manage_class_items_zip"
          ]
        }
      ]
    },
    {
      "mode": "managed",
      "type": "aws_lambda_function",
      "name": "lambda-manage-friends",
      "provider": "provider[\"registry.terraform.io/hashicorp/aws\"]",
      "instances": [
        {
          "schema_version": 0,
          "attributes": {
            "architectures": [
              "x86_64"
            ],
            "arn": "arn:aws:lambda:ca-central-1:514267642518:function:manage-friends",
            "code_signing_config_arn": "",
            "dead_letter_config": [],
            "description": "",
            "environment": [],
            "ephemeral_storage": [
              {
                "size": 512
              }
            ],
            "file_system_config": [],
            "filename": "artifact_manage_friends.zip",
            "function_name": "manage-friends",
            "handler": "main.handler",
            "id": "manage-friends",
            "image_config": [],
            "image_uri": "",
            "invoke_arn": "arn:aws:apigateway:ca-central-1:lambda:path/2015-03-31/functions/arn:aws:lambda:ca-central-1:514267642518:function:manage-friends/invocations",
            "kms_key_arn": "",
            "last_modified": "2024-03-20T22:32:03.162+0000",
            "layers": [],
            "logging_config": [
              {
                "application_log_level": "",
                "log_format": "Text",
                "log_group": "/aws/lambda/manage-friends",
                "system_log_level": ""
              }
            ],
            "memory_size": 128,
            "package_type": "Zip",
            "publish": false,
            "qualified_arn": "arn:aws:lambda:ca-central-1:514267642518:function:manage-friends:$LATEST",
            "qualified_invoke_arn": "arn:aws:apigateway:ca-central-1:lambda:path/2015-03-31/functions/arn:aws:lambda:ca-central-1:514267642518:function:manage-friends:$LATEST/invocations",
            "replace_security_groups_on_destroy": null,
            "replacement_security_group_ids": null,
            "reserved_concurrent_executions": -1,
            "role": "arn:aws:iam::514267642518:role/iam-communicate",
            "runtime": "python3.9",
            "s3_bucket": null,
            "s3_key": null,
            "s3_object_version": null,
            "signing_job_arn": "",
            "signing_profile_version_arn": "",
            "skip_destroy": false,
            "snap_start": [],
            "source_code_hash": "LtHwypccR1LWrqosMPhE98k1qOqBGfobnl1haT9tCmY=",
            "source_code_size": 971,
            "tags": {},
            "tags_all": {},
            "timeout": 3,
            "timeouts": null,
            "tracing_config": [
              {
                "mode": "PassThrough"
              }
            ],
            "version": "$LATEST",
            "vpc_config": []
          },
          "sensitive_attributes": [],
          "private": "eyJlMmJmYjczMC1lY2FhLTExZTYtOGY4OC0zNDM2M2JjN2M0YzAiOnsiY3JlYXRlIjo2MDAwMDAwMDAwMDAsImRlbGV0ZSI6NjAwMDAwMDAwMDAwLCJ1cGRhdGUiOjYwMDAwMDAwMDAwMH19",
          "dependencies": [
            "aws_iam_role.lambda_exec",
            "data.archive_file.data_manage_friends_zip"
          ]
        }
      ]
    },
    {
      "mode": "managed",
      "type": "aws_lambda_function",
      "name": "lambda-messaging",
      "provider": "provider[\"registry.terraform.io/hashicorp/aws\"]",
      "instances": [
        {
          "schema_version": 0,
          "attributes": {
            "architectures": [
              "x86_64"
            ],
            "arn": "arn:aws:lambda:ca-central-1:514267642518:function:messaging",
            "code_signing_config_arn": "",
            "dead_letter_config": [],
            "description": "",
            "environment": [],
            "ephemeral_storage": [
              {
                "size": 512
              }
            ],
            "file_system_config": [],
            "filename": "artifact_messaging.zip",
            "function_name": "messaging",
            "handler": "main.handler",
            "id": "messaging",
            "image_config": [],
            "image_uri": "",
            "invoke_arn": "arn:aws:apigateway:ca-central-1:lambda:path/2015-03-31/functions/arn:aws:lambda:ca-central-1:514267642518:function:messaging/invocations",
            "kms_key_arn": "",
            "last_modified": "2024-03-20T22:32:09.107+0000",
            "layers": [],
            "logging_config": [
              {
                "application_log_level": "",
                "log_format": "Text",
                "log_group": "/aws/lambda/messaging",
                "system_log_level": ""
              }
            ],
            "memory_size": 128,
            "package_type": "Zip",
            "publish": false,
            "qualified_arn": "arn:aws:lambda:ca-central-1:514267642518:function:messaging:$LATEST",
            "qualified_invoke_arn": "arn:aws:apigateway:ca-central-1:lambda:path/2015-03-31/functions/arn:aws:lambda:ca-central-1:514267642518:function:messaging:$LATEST/invocations",
            "replace_security_groups_on_destroy": null,
            "replacement_security_group_ids": null,
            "reserved_concurrent_executions": -1,
            "role": "arn:aws:iam::514267642518:role/iam-communicate",
            "runtime": "python3.9",
            "s3_bucket": null,
            "s3_key": null,
            "s3_object_version": null,
            "signing_job_arn": "",
            "signing_profile_version_arn": "",
            "skip_destroy": false,
            "snap_start": [],
            "source_code_hash": "vzaqi8nsGsUhmC4/T2UF1JOpy4S2SG09vFyfx5sXdqE=",
            "source_code_size": 171,
            "tags": {},
            "tags_all": {},
            "timeout": 3,
            "timeouts": null,
            "tracing_config": [
              {
                "mode": "PassThrough"
              }
            ],
            "version": "$LATEST",
            "vpc_config": []
          },
          "sensitive_attributes": [],
          "private": "eyJlMmJmYjczMC1lY2FhLTExZTYtOGY4OC0zNDM2M2JjN2M0YzAiOnsiY3JlYXRlIjo2MDAwMDAwMDAwMDAsImRlbGV0ZSI6NjAwMDAwMDAwMDAwLCJ1cGRhdGUiOjYwMDAwMDAwMDAwMH19",
          "dependencies": [
            "aws_iam_role.lambda_exec",
            "data.archive_file.data_messaging_zip"
          ]
        }
      ]
    },
    {
      "mode": "managed",
      "type": "aws_lambda_function",
      "name": "lambda-register",
      "provider": "provider[\"registry.terraform.io/hashicorp/aws\"]",
      "instances": [
        {
          "schema_version": 0,
          "attributes": {
            "architectures": [
              "x86_64"
            ],
            "arn": "arn:aws:lambda:ca-central-1:514267642518:function:register",
            "code_signing_config_arn": "",
            "dead_letter_config": [],
            "description": "",
            "environment": [],
            "ephemeral_storage": [
              {
                "size": 512
              }
            ],
            "file_system_config": [],
            "filename": "artifact_register.zip",
            "function_name": "register",
            "handler": "main.handler",
            "id": "register",
            "image_config": [],
            "image_uri": "",
            "invoke_arn": "arn:aws:apigateway:ca-central-1:lambda:path/2015-03-31/functions/arn:aws:lambda:ca-central-1:514267642518:function:register/invocations",
            "kms_key_arn": "",
            "last_modified": "2024-03-22T00:14:44.000+0000",
            "layers": [],
            "logging_config": [
              {
                "application_log_level": "",
                "log_format": "Text",
                "log_group": "/aws/lambda/register",
                "system_log_level": ""
              }
            ],
            "memory_size": 128,
            "package_type": "Zip",
            "publish": false,
            "qualified_arn": "arn:aws:lambda:ca-central-1:514267642518:function:register:$LATEST",
            "qualified_invoke_arn": "arn:aws:apigateway:ca-central-1:lambda:path/2015-03-31/functions/arn:aws:lambda:ca-central-1:514267642518:function:register:$LATEST/invocations",
            "replace_security_groups_on_destroy": null,
            "replacement_security_group_ids": null,
            "reserved_concurrent_executions": -1,
            "role": "arn:aws:iam::514267642518:role/iam-communicate",
            "runtime": "python3.9",
            "s3_bucket": null,
            "s3_key": null,
            "s3_object_version": null,
            "signing_job_arn": "",
            "signing_profile_version_arn": "",
            "skip_destroy": false,
            "snap_start": [],
            "source_code_hash": "Vxe3C0DLLPnZEyNYe0vJNt6BF9xHByipmqE4tIJRAj4=",
            "source_code_size": 647,
            "tags": {},
            "tags_all": {},
            "timeout": 3,
            "timeouts": null,
            "tracing_config": [
              {
                "mode": "PassThrough"
              }
            ],
            "version": "$LATEST",
            "vpc_config": []
          },
          "sensitive_attributes": [],
          "private": "eyJlMmJmYjczMC1lY2FhLTExZTYtOGY4OC0zNDM2M2JjN2M0YzAiOnsiY3JlYXRlIjo2MDAwMDAwMDAwMDAsImRlbGV0ZSI6NjAwMDAwMDAwMDAwLCJ1cGRhdGUiOjYwMDAwMDAwMDAwMH19",
          "dependencies": [
            "aws_iam_role.lambda_exec",
            "data.archive_file.data_register_zip"
          ]
        }
      ]
    },
    {
      "mode": "managed",
      "type": "aws_lambda_function_url",
      "name": "url-create",
      "provider": "provider[\"registry.terraform.io/hashicorp/aws\"]",
      "instances": [
        {
          "schema_version": 0,
          "attributes": {
            "authorization_type": "NONE",
            "cors": [
              {
                "allow_credentials": true,
                "allow_headers": [
                  "*"
                ],
                "allow_methods": [
                  "DELETE",
                  "GET",
                  "POST",
                  "PUT"
                ],
                "allow_origins": [
                  "*"
                ],
                "expose_headers": [
                  "date",
                  "keep-alive"
                ],
                "max_age": 0
              }
            ],
            "function_arn": "arn:aws:lambda:ca-central-1:514267642518:function:create_event",
            "function_name": "create_event",
            "function_url": "https://pasvmapiapbjdvhleiyacf2cbe0cmmwb.lambda-url.ca-central-1.on.aws/",
            "id": "create_event",
            "invoke_mode": "BUFFERED",
            "qualifier": "",
            "timeouts": null,
            "url_id": "pasvmapiapbjdvhleiyacf2cbe0cmmwb"
          },
          "sensitive_attributes": [],
          "private": "eyJlMmJmYjczMC1lY2FhLTExZTYtOGY4OC0zNDM2M2JjN2M0YzAiOnsiY3JlYXRlIjo2MDAwMDAwMDAwMDB9fQ==",
          "dependencies": [
            "aws_iam_role.lambda_exec",
            "aws_lambda_function.lambda-create",
            "data.archive_file.data_create_zip"
          ]
        }
      ]
    },
    {
      "mode": "managed",
      "type": "aws_lambda_function_url",
      "name": "url-enroll",
      "provider": "provider[\"registry.terraform.io/hashicorp/aws\"]",
      "instances": [
        {
          "schema_version": 0,
          "attributes": {
            "authorization_type": "NONE",
            "cors": [
              {
                "allow_credentials": true,
                "allow_headers": [
                  "*"
                ],
                "allow_methods": [
                  "DELETE",
                  "GET",
                  "POST",
                  "PUT"
                ],
                "allow_origins": [
                  "*"
                ],
                "expose_headers": [
                  "date",
                  "keep-alive"
                ],
                "max_age": 0
              }
            ],
            "function_arn": "arn:aws:lambda:ca-central-1:514267642518:function:class-enroll",
            "function_name": "class-enroll",
            "function_url": "https://ybmz7jafwqrialcmo54ueqyt5i0ptbuv.lambda-url.ca-central-1.on.aws/",
            "id": "class-enroll",
            "invoke_mode": "BUFFERED",
            "qualifier": "",
            "timeouts": null,
            "url_id": "ybmz7jafwqrialcmo54ueqyt5i0ptbuv"
          },
          "sensitive_attributes": [],
          "private": "eyJlMmJmYjczMC1lY2FhLTExZTYtOGY4OC0zNDM2M2JjN2M0YzAiOnsiY3JlYXRlIjo2MDAwMDAwMDAwMDB9fQ==",
          "dependencies": [
            "aws_iam_role.lambda_exec",
            "aws_lambda_function.lambda-enroll",
            "data.archive_file.data_enroll_zip"
          ]
        }
      ]
    },
    {
      "mode": "managed",
      "type": "aws_lambda_function_url",
      "name": "url-get-class",
      "provider": "provider[\"registry.terraform.io/hashicorp/aws\"]",
      "instances": [
        {
          "schema_version": 0,
          "attributes": {
            "authorization_type": "NONE",
            "cors": [
              {
                "allow_credentials": true,
                "allow_headers": [
                  "*"
                ],
                "allow_methods": [
                  "DELETE",
                  "GET",
                  "POST",
                  "PUT"
                ],
                "allow_origins": [
                  "*"
                ],
                "expose_headers": [
                  "date",
                  "keep-alive"
                ],
                "max_age": 0
              }
            ],
            "function_arn": "arn:aws:lambda:ca-central-1:514267642518:function:read-class-info",
            "function_name": "read-class-info",
            "function_url": "https://dzgx2ordzecsyxuiipbhr6lpvi0irdex.lambda-url.ca-central-1.on.aws/",
            "id": "read-class-info",
            "invoke_mode": "BUFFERED",
            "qualifier": "",
            "timeouts": null,
            "url_id": "dzgx2ordzecsyxuiipbhr6lpvi0irdex"
          },
          "sensitive_attributes": [],
          "private": "eyJlMmJmYjczMC1lY2FhLTExZTYtOGY4OC0zNDM2M2JjN2M0YzAiOnsiY3JlYXRlIjo2MDAwMDAwMDAwMDB9fQ==",
          "dependencies": [
            "aws_iam_role.lambda_exec",
            "aws_lambda_function.lambda-get-class",
            "data.archive_file.data_get_class_zip"
          ]
        }
      ]
    },
    {
      "mode": "managed",
      "type": "aws_lambda_function_url",
      "name": "url-get-events",
      "provider": "provider[\"registry.terraform.io/hashicorp/aws\"]",
      "instances": [
        {
          "schema_version": 0,
          "attributes": {
            "authorization_type": "NONE",
            "cors": [
              {
                "allow_credentials": true,
                "allow_headers": [
                  "*"
                ],
                "allow_methods": [
                  "DELETE",
                  "GET",
                  "POST",
                  "PUT"
                ],
                "allow_origins": [
                  "*"
                ],
                "expose_headers": [
                  "date",
                  "keep-alive"
                ],
                "max_age": 0
              }
            ],
            "function_arn": "arn:aws:lambda:ca-central-1:514267642518:function:get-events",
            "function_name": "get-events",
            "function_url": "https://2sijwuyq2iekyrtmvujw6gt4he0eqwdn.lambda-url.ca-central-1.on.aws/",
            "id": "get-events",
            "invoke_mode": "BUFFERED",
            "qualifier": "",
            "timeouts": null,
            "url_id": "2sijwuyq2iekyrtmvujw6gt4he0eqwdn"
          },
          "sensitive_attributes": [],
          "private": "eyJlMmJmYjczMC1lY2FhLTExZTYtOGY4OC0zNDM2M2JjN2M0YzAiOnsiY3JlYXRlIjo2MDAwMDAwMDAwMDB9fQ==",
          "dependencies": [
            "aws_iam_role.lambda_exec",
            "aws_lambda_function.lambda-get-events",
            "data.archive_file.data_get_events_zip"
          ]
        }
      ]
    },
    {
      "mode": "managed",
      "type": "aws_lambda_function_url",
      "name": "url-get-friends",
      "provider": "provider[\"registry.terraform.io/hashicorp/aws\"]",
      "instances": [
        {
          "schema_version": 0,
          "attributes": {
            "authorization_type": "NONE",
            "cors": [
              {
                "allow_credentials": true,
                "allow_headers": [
                  "*"
                ],
                "allow_methods": [
                  "DELETE",
                  "GET",
                  "POST",
                  "PUT"
                ],
                "allow_origins": [
                  "*"
                ],
                "expose_headers": [
                  "date",
                  "keep-alive"
                ],
                "max_age": 0
              }
            ],
            "function_arn": "arn:aws:lambda:ca-central-1:514267642518:function:get-friends",
            "function_name": "get-friends",
            "function_url": "https://dfqkiu5sgnquzd677b4j2zhm5i0bpwwo.lambda-url.ca-central-1.on.aws/",
            "id": "get-friends",
            "invoke_mode": "BUFFERED",
            "qualifier": "",
            "timeouts": null,
            "url_id": "dfqkiu5sgnquzd677b4j2zhm5i0bpwwo"
          },
          "sensitive_attributes": [],
          "private": "eyJlMmJmYjczMC1lY2FhLTExZTYtOGY4OC0zNDM2M2JjN2M0YzAiOnsiY3JlYXRlIjo2MDAwMDAwMDAwMDB9fQ==",
          "dependencies": [
            "aws_iam_role.lambda_exec",
            "aws_lambda_function.lambda-get-friends",
            "data.archive_file.data_get_friends_zip"
          ]
        }
      ]
    },
    {
      "mode": "managed",
      "type": "aws_lambda_function_url",
      "name": "url-manage-class-items",
      "provider": "provider[\"registry.terraform.io/hashicorp/aws\"]",
      "instances": [
        {
          "schema_version": 0,
          "attributes": {
            "authorization_type": "NONE",
            "cors": [
              {
                "allow_credentials": true,
                "allow_headers": [
                  "*"
                ],
                "allow_methods": [
                  "DELETE",
                  "GET",
                  "POST",
                  "PUT"
                ],
                "allow_origins": [
                  "*"
                ],
                "expose_headers": [
                  "date",
                  "keep-alive"
                ],
                "max_age": 0
              }
            ],
            "function_arn": "arn:aws:lambda:ca-central-1:514267642518:function:manage-class-items",
            "function_name": "manage-class-items",
            "function_url": "https://tobxlcmv2ubix45n6cjgxmd3zy0vyfst.lambda-url.ca-central-1.on.aws/",
            "id": "manage-class-items",
            "invoke_mode": "BUFFERED",
            "qualifier": "",
            "timeouts": null,
            "url_id": "tobxlcmv2ubix45n6cjgxmd3zy0vyfst"
          },
          "sensitive_attributes": [],
          "private": "eyJlMmJmYjczMC1lY2FhLTExZTYtOGY4OC0zNDM2M2JjN2M0YzAiOnsiY3JlYXRlIjo2MDAwMDAwMDAwMDB9fQ==",
          "dependencies": [
            "aws_iam_role.lambda_exec",
            "aws_lambda_function.lambda-manage-class-items",
            "data.archive_file.data_manage_class_items_zip"
          ]
        }
      ]
    },
    {
      "mode": "managed",
      "type": "aws_lambda_function_url",
      "name": "url-manage-friends",
      "provider": "provider[\"registry.terraform.io/hashicorp/aws\"]",
      "instances": [
        {
          "schema_version": 0,
          "attributes": {
            "authorization_type": "NONE",
            "cors": [
              {
                "allow_credentials": true,
                "allow_headers": [
                  "*"
                ],
                "allow_methods": [
                  "DELETE",
                  "GET",
                  "POST",
                  "PUT"
                ],
                "allow_origins": [
                  "*"
                ],
                "expose_headers": [
                  "date",
                  "keep-alive"
                ],
                "max_age": 0
              }
            ],
            "function_arn": "arn:aws:lambda:ca-central-1:514267642518:function:manage-friends",
            "function_name": "manage-friends",
            "function_url": "https://6scorqyghakulyfm22dfsg4qgq0zwdpc.lambda-url.ca-central-1.on.aws/",
            "id": "manage-friends",
            "invoke_mode": "BUFFERED",
            "qualifier": "",
            "timeouts": null,
            "url_id": "6scorqyghakulyfm22dfsg4qgq0zwdpc"
          },
          "sensitive_attributes": [],
          "private": "eyJlMmJmYjczMC1lY2FhLTExZTYtOGY4OC0zNDM2M2JjN2M0YzAiOnsiY3JlYXRlIjo2MDAwMDAwMDAwMDB9fQ==",
          "dependencies": [
            "aws_iam_role.lambda_exec",
            "aws_lambda_function.lambda-manage-friends",
            "data.archive_file.data_manage_friends_zip"
          ]
        }
      ]
    },
    {
      "mode": "managed",
      "type": "aws_lambda_function_url",
      "name": "url-messaging",
      "provider": "provider[\"registry.terraform.io/hashicorp/aws\"]",
      "instances": [
        {
          "schema_version": 0,
          "attributes": {
            "authorization_type": "NONE",
            "cors": [
              {
                "allow_credentials": true,
                "allow_headers": [
                  "*"
                ],
                "allow_methods": [
                  "DELETE",
                  "GET",
                  "POST",
                  "PUT"
                ],
                "allow_origins": [
                  "*"
                ],
                "expose_headers": [
                  "date",
                  "keep-alive"
                ],
                "max_age": 0
              }
            ],
            "function_arn": "arn:aws:lambda:ca-central-1:514267642518:function:messaging",
            "function_name": "messaging",
            "function_url": "https://4z5nrewzbzprqpapxm6pb7uxju0svtsw.lambda-url.ca-central-1.on.aws/",
            "id": "messaging",
            "invoke_mode": "BUFFERED",
            "qualifier": "",
            "timeouts": null,
            "url_id": "4z5nrewzbzprqpapxm6pb7uxju0svtsw"
          },
          "sensitive_attributes": [],
          "private": "eyJlMmJmYjczMC1lY2FhLTExZTYtOGY4OC0zNDM2M2JjN2M0YzAiOnsiY3JlYXRlIjo2MDAwMDAwMDAwMDB9fQ==",
          "dependencies": [
            "aws_iam_role.lambda_exec",
            "aws_lambda_function.lambda-messaging",
            "data.archive_file.data_messaging_zip"
          ]
        }
      ]
    },
    {
      "mode": "managed",
      "type": "aws_lambda_function_url",
      "name": "url-register",
      "provider": "provider[\"registry.terraform.io/hashicorp/aws\"]",
      "instances": [
        {
          "schema_version": 0,
          "attributes": {
            "authorization_type": "NONE",
            "cors": [
              {
                "allow_credentials": true,
                "allow_headers": [
                  "*"
                ],
                "allow_methods": [
                  "DELETE",
                  "GET",
                  "POST",
                  "PUT"
                ],
                "allow_origins": [
                  "*"
                ],
                "expose_headers": [
                  "date",
                  "keep-alive"
                ],
                "max_age": 0
              }
            ],
            "function_arn": "arn:aws:lambda:ca-central-1:514267642518:function:register",
            "function_name": "register",
            "function_url": "https://chquvkfpzyxnm26mdljffqmidu0pvfac.lambda-url.ca-central-1.on.aws/",
            "id": "register",
            "invoke_mode": "BUFFERED",
            "qualifier": "",
            "timeouts": null,
            "url_id": "chquvkfpzyxnm26mdljffqmidu0pvfac"
          },
          "sensitive_attributes": [],
          "private": "eyJlMmJmYjczMC1lY2FhLTExZTYtOGY4OC0zNDM2M2JjN2M0YzAiOnsiY3JlYXRlIjo2MDAwMDAwMDAwMDB9fQ==",
          "dependencies": [
            "aws_iam_role.lambda_exec",
            "aws_lambda_function.lambda-register",
            "data.archive_file.data_register_zip"
          ]
        }
      ]
    }
  ],
  "check_results": null
}
